<?xml version="1.0" encoding="utf-8"?>
<Project ToolsVersion="4.0" xmlns="http://schemas.microsoft.com/developer/msbuild/2003">
  <ItemGroup>
    <Filter Include="Kaynak Dosyalar">
      <UniqueIdentifier>{4FC737F1-C7A5-4376-A066-2A32D752A2FF}</UniqueIdentifier>
      <Extensions>cpp;c;cc;cxx;c++;cppm;ixx;def;odl;idl;hpj;bat;asm;asmx</Extensions>
    </Filter>
    <Filter Include="�st Bilgi Dosyalar�">
      <UniqueIdentifier>{93995380-89BD-4b04-88EB-625FBE52EBFB}</UniqueIdentifier>
      <Extensions>h;hh;hpp;hxx;h++;hm;inl;inc;ipp;xsd</Extensions>
    </Filter>
    <Filter Include="Kaynak Dosyalar�">
      <UniqueIdentifier>{67DA6AB6-F800-4c08-8B7A-83BB121AAD01}</UniqueIdentifier>
      <Extensions>rc;ico;cur;bmp;dlg;rc2;rct;bin;rgs;gif;jpg;jpeg;jpe;resx;tiff;tif;png;wav;mfcribbon-ms</Extensions>
    </Filter>
  </ItemGroup>
  <ItemGroup>
    <ClCompile Include="src\Core\WindowTracker.cpp">
      <Filter>Kaynak Dosyalar</Filter>
    </ClCompile>
    <ClCompile Include="src\UI\BrowserBridge.cpp">
      <Filter>Kaynak Dosyalar</Filter>
    </ClCompile>
    <ClCompile Include="src\Data\DatabaseManager.cpp">
      <Filter>Kaynak Dosyalar</Filter>
    </ClCompile>
    <ClCompile Include="vendor\sqlite\sqlite3.c">
      <Filter>Kaynak Dosyalar</Filter>
    </ClCompile>
    <ClCompile Include="src\UI\WebViewManager.cpp">
      <Filter>Kaynak Dosyalar</Filter>
    </ClCompile>
    <ClCompile Include="src\Globals.cpp">
      <Filter>Kaynak Dosyalar</Filter>
    </ClCompile>
    <ClCompile Include="src\Workers.cpp">
      <Filter>Kaynak Dosyalar</Filter>
    </ClCompile>
    <ClCompile Include="src\Instances.cpp">
      <Filter>Kaynak Dosyalar</Filter>
    </ClCompile>
    <ClCompile Include="src\AI\AIClassifierTask.cpp">
      <Filter>Kaynak Dosyalar</Filter>
    </ClCompile>
    <ClCompile Include="src\AI\GeminiService.cpp">
      <Filter>Kaynak Dosyalar</Filter>
    </ClCompile>
    <ClCompile Include="src\Utils\EventBridge.cpp">
      <Filter>Kaynak Dosyalar</Filter>
    </ClCompile>
    <ClCompile Include="src\Utils\StartupManager.cpp">
      <Filter>Kaynak Dosyalar</Filter>
    </ClCompile>
    <ClCompile Include="src\Window.cpp">
      <Filter>Kaynak Dosyalar</Filter>
    </ClCompile>
    <ClCompile Include="src\UI\TrayManager.cpp">
      <Filter>Kaynak Dosyalar</Filter>
    </ClCompile>
    <ClCompile Include="src\main.cpp">
      <Filter>Kaynak Dosyalar</Filter>
    </ClCompile>
  </ItemGroup>
  <ItemGroup>
    <ClInclude Include="include\Core\WindowTracker.hpp">
      <Filter>�st Bilgi Dosyalar�</Filter>
    </ClInclude>
    <ClInclude Include="include\UI\BrowserBridge.hpp">
      <Filter>�st Bilgi Dosyalar�</Filter>
    </ClInclude>
    <ClInclude Include="include\Utils\EventQueue.hpp">
      <Filter>�st Bilgi Dosyalar�</Filter>
    </ClInclude>
    <ClInclude Include="include\Data\DatabaseManager.hpp">
      <Filter>�st Bilgi Dosyalar�</Filter>
    </ClInclude>
    <ClInclude Include="vendor\sqlite\sqlite3.h">
      <Filter>�st Bilgi Dosyalar�</Filter>
    </ClInclude>
    <ClInclude Include="include\AI\AIClassifierTask.hpp">
      <Filter>�st Bilgi Dosyalar�</Filter>
    </ClInclude>
    <ClInclude Include="include\AI\GeminiService.hpp">
      <Filter>�st Bilgi Dosyalar�</Filter>
    </ClInclude>
    <ClInclude Include="include\Utils\EventBridge.hpp">
      <Filter>�st Bilgi Dosyalar�</Filter>
    </ClInclude>
    <ClInclude Include="include\Utils\RingBuffer.hpp">
      <Filter>�st Bilgi Dosyalar�</Filter>
    </ClInclude>
    <ClInclude Include="include\Utils\StartupManager.hpp">
      <Filter>�st Bilgi Dosyalar�</Filter>
    </ClInclude>
    <ClInclude Include="include\UI\TrayManager.hpp">
      <Filter>�st Bilgi Dosyalar�</Filter>
    </ClInclude>
    <ClInclude Include="include\Utils\PerfCounters.hpp">
      <Filter>�st Bilgi Dosyalar�</Filter>
    </ClInclude>
    <ClInclude Include="include\Utils\PerfSnapshot.hpp">
      <Filter>�st Bilgi Dosyalar�</Filter>
    </ClInclude>
    <ClInclude Include="include\Utils\ProcessCache.hpp">
      <Filter>�st Bilgi Dosyalar�</Filter>
    </ClInclude>
  </ItemGroup>
  <ItemGroup>
    <None Include="dashboard_pro.html" />
    <None Include="ts\dashboard\dom-updater.ts" />
    <None Include="ts\dashboard\pubsub.ts" />
    <None Include="ts\dashboard\timer-service.ts" />
    <None Include="ts\dashboard\timer-store.test.ts" />
    <None Include="ts\dashboard\timer-store.ts" />
    <None Include="ts\dashboard\tsconfig.json" />
    <None Include="ts\dashboard\mood-engine.ts" />
    <None Include="ts\dashboard\mood-engine.test.ts" />
    <None Include="ts\gemini\tsconfig.json" />
    <None Include="ts\gemini\types.ts" />
    <None Include="ts\gemini\config.ts" />
    <None Include="ts\gemini\rate-limiter.ts" />
    <None Include="ts\gemini\logger.ts" />
    <None Include="ts\gemini\fetch-retry.ts" />
    <None Include="ts\gemini\gemini-client.ts" />
    <None Include="ts\gemini\index.ts" />
    <None Include="ts\gemini\example.ts" />
    <None Include="docs\OPTIMIZATION_PLAN.md" />
    <None Include="docs\PERF_RUNBOOK.md" />
    <None Include="micro-interactions.css" />
    <None Include="micro-interactions.js" />
    <None Include="ts\dashboard\flow-state-controller.ts" />
    <None Include="flow-state.css" />
    <None Include="ts\dashboard\flow-state-controller.test.ts" />
  </ItemGroup>
  <ItemGroup>
    <Natvis Include="$(MSBuildThisFileDirectory)..\..\natvis\wil.natvis" />
    <Natvis Include="$(MSBuildThisFileDirectory)..\..\natvis\wil.natstepfilter" />
  </ItemGroup>
</Project>